
Microsoft Visual Studio Solution File, Format Version 12.00
# Visual Studio 15
VisualStudioVersion = 15.0.27004.2006
MinimumVisualStudioVersion = 10.0.40219.1
Project("{FAE04EC0-301F-11D3-BF4B-00C04F79EFBC}") = "HelloXFPrism", "HelloXFPrism\HelloXFPrism\HelloXFPrism.csproj", "{930B1888-5B0C-4A00-BF62-71D0CAFAE0BB}"
EndProject
Project("{FAE04EC0-301F-11D3-BF4B-00C04F79EFBC}") = "HelloXFPrism.Android", "HelloXFPrism\HelloXFPrism.Android\HelloXFPrism.Android.csproj", "{55064116-B068-4E92-B146-9634A8D1EA4B}"
EndProject
Project("{FAE04EC0-301F-11D3-BF4B-00C04F79EFBC}") = "HelloXFPrism.iOS", "HelloXFPrism\HelloXFPrism.iOS\HelloXFPrism.iOS.csproj", "{261C2902-158E-40CC-A410-534441CC3A0D}"
EndProject
Project("{FAE04EC0-301F-11D3-BF4B-00C04F79EFBC}") = "HelloXFPrism.UWP", "HelloXFPrism\HelloXFPrism.UWP\HelloXFPrism.UWP.csproj", "{9B3284F4-394E-4F27-AD09-A287816AFD0C}"
EndProject
Global
	GlobalSection(SolutionConfigurationPlatforms) = preSolution
		Ad-Hoc|Any CPU = Ad-Hoc|Any CPU
		Ad-Hoc|ARM = Ad-Hoc|ARM
		Ad-Hoc|iPhone = Ad-Hoc|iPhone
		Ad-Hoc|iPhoneSimulator = Ad-Hoc|iPhoneSimulator
		Ad-Hoc|x64 = Ad-Hoc|x64
		Ad-Hoc|x86 = Ad-Hoc|x86
		AppStore|Any CPU = AppStore|Any CPU
		AppStore|ARM = AppStore|ARM
		AppStore|iPhone = AppStore|iPhone
		AppStore|iPhoneSimulator = AppStore|iPhoneSimulator
		AppStore|x64 = AppStore|x64
		AppStore|x86 = AppStore|x86
		Debug|Any CPU = Debug|Any CPU
		Debug|ARM = Debug|ARM
		Debug|iPhone = Debug|iPhone
		Debug|iPhoneSimulator = Debug|iPhoneSimulator
		Debug|x64 = Debug|x64
		Debug|x86 = Debug|x86
		Release|Any CPU = Release|Any CPU
		Release|ARM = Release|ARM
		Release|iPhone = Release|iPhone
		Release|iPhoneSimulator = Release|iPhoneSimulator
		Release|x64 = Release|x64
		Release|x86 = Release|x86
	EndGlobalSection
	GlobalSection(ProjectConfigurationPlatforms) = postSolution
		{930B1888-5B0C-4A00-BF62-71D0CAFAE0BB}.Ad-Hoc|Any CPU.ActiveCfg = Debug|Any CPU
		{930B1888-5B0C-4A00-BF62-71D0CAFAE0BB}.Ad-Hoc|Any CPU.Build.0 = Debug|Any CPU
		{930B1888-5B0C-4A00-BF62-71D0CAFAE0BB}.Ad-Hoc|ARM.ActiveCfg = Debug|Any CPU
		{930B1888-5B0C-4A00-BF62-71D0CAFAE0BB}.Ad-Hoc|ARM.Build.0 = Debug|Any CPU
		{930B1888-5B0C-4A00-BF62-71D0CAFAE0BB}.Ad-Hoc|iPhone.ActiveCfg = Debug|Any CPU
		{930B1888-5B0C-4A00-BF62-71D0CAFAE0BB}.Ad-Hoc|iPhone.Build.0 = Debug|Any CPU
		{930B1888-5B0C-4A00-BF62-71D0CAFAE0BB}.Ad-Hoc|iPhoneSimulator.ActiveCfg = Debug|Any CPU
		{930B1888-5B0C-4A00-BF62-71D0CAFAE0BB}.Ad-Hoc|iPhoneSimulator.Build.0 = Debug|Any CPU
		{930B1888-5B0C-4A00-BF62-71D0CAFAE0BB}.Ad-Hoc|x64.ActiveCfg = Debug|Any CPU
		{930B1888-5B0C-4A00-BF62-71D0CAFAE0BB}.Ad-Hoc|x64.Build.0 = Debug|Any CPU
		{930B1888-5B0C-4A00-BF62-71D0CAFAE0BB}.Ad-Hoc|x86.ActiveCfg = Debug|Any CPU
		{930B1888-5B0C-4A00-BF62-71D0CAFAE0BB}.Ad-Hoc|x86.Build.0 = Debug|Any CPU
		{930B1888-5B0C-4A00-BF62-71D0CAFAE0BB}.AppStore|Any CPU.ActiveCfg = Debug|Any CPU
		{930B1888-5B0C-4A00-BF62-71D0CAFAE0BB}.AppStore|Any CPU.Build.0 = Debug|Any CPU
		{930B1888-5B0C-4A00-BF62-71D0CAFAE0BB}.AppStore|ARM.ActiveCfg = Debug|Any CPU
		{930B1888-5B0C-4A00-BF62-71D0CAFAE0BB}.AppStore|ARM.Build.0 = Debug|Any CPU
		{930B1888-5B0C-4A00-BF62-71D0CAFAE0BB}.AppStore|iPhone.ActiveCfg = Debug|Any CPU
		{930B1888-5B0C-4A00-BF62-71D0CAFAE0BB}.AppStore|iPhone.Build.0 = Debug|Any CPU
		{930B1888-5B0C-4A00-BF62-71D0CAFAE0BB}.AppStore|iPhoneSimulator.ActiveCfg = Debug|Any CPU
		{930B1888-5B0C-4A00-BF62-71D0CAFAE0BB}.AppStore|iPhoneSimulator.Build.0 = Debug|Any CPU
		{930B1888-5B0C-4A00-BF62-71D0CAFAE0BB}.AppStore|x64.ActiveCfg = Debug|Any CPU
		{930B1888-5B0C-4A00-BF62-71D0CAFAE0BB}.AppStore|x64.Build.0 = Debug|Any CPU
		{930B1888-5B0C-4A00-BF62-71D0CAFAE0BB}.AppStore|x86.ActiveCfg = Debug|Any CPU
		{930B1888-5B0C-4A00-BF62-71D0CAFAE0BB}.AppStore|x86.Build.0 = Debug|Any CPU
		{930B1888-5B0C-4A00-BF62-71D0CAFAE0BB}.Debug|Any CPU.ActiveCfg = Debug|Any CPU
		{930B1888-5B0C-4A00-BF62-71D0CAFAE0BB}.Debug|Any CPU.Build.0 = Debug|Any CPU
		{930B1888-5B0C-4A00-BF62-71D0CAFAE0BB}.Debug|ARM.ActiveCfg = Debug|Any CPU
		{930B1888-5B0C-4A00-BF62-71D0CAFAE0BB}.Debug|ARM.Build.0 = Debug|Any CPU
		{930B1888-5B0C-4A00-BF62-71D0CAFAE0BB}.Debug|iPhone.ActiveCfg = Debug|Any CPU
		{930B1888-5B0C-4A00-BF62-71D0CAFAE0BB}.Debug|iPhone.Build.0 = Debug|Any CPU
		{930B1888-5B0C-4A00-BF62-71D0CAFAE0BB}.Debug|iPhoneSimulator.ActiveCfg = Debug|Any CPU
		{930B1888-5B0C-4A00-BF62-71D0CAFAE0BB}.Debug|iPhoneSimulator.Build.0 = Debug|Any CPU
		{930B1888-5B0C-4A00-BF62-71D0CAFAE0BB}.Debug|x64.ActiveCfg = Debug|Any CPU
		{930B1888-5B0C-4A00-BF62-71D0CAFAE0BB}.Debug|x64.Build.0 = Debug|Any CPU
		{930B1888-5B0C-4A00-BF62-71D0CAFAE0BB}.Debug|x86.ActiveCfg = Debug|Any CPU
		{930B1888-5B0C-4A00-BF62-71D0CAFAE0BB}.Debug|x86.Build.0 = Debug|Any CPU
		{930B1888-5B0C-4A00-BF62-71D0CAFAE0BB}.Release|Any CPU.ActiveCfg = Release|Any CPU
		{930B1888-5B0C-4A00-BF62-71D0CAFAE0BB}.Release|Any CPU.Build.0 = Release|Any CPU
		{930B1888-5B0C-4A00-BF62-71D0CAFAE0BB}.Release|ARM.ActiveCfg = Release|Any CPU
		{930B1888-5B0C-4A00-BF62-71D0CAFAE0BB}.Release|ARM.Build.0 = Release|Any CPU
		{930B1888-5B0C-4A00-BF62-71D0CAFAE0BB}.Release|iPhone.ActiveCfg = Release|Any CPU
		{930B1888-5B0C-4A00-BF62-71D0CAFAE0BB}.Release|iPhone.Build.0 = Release|Any CPU
		{930B1888-5B0C-4A00-BF62-71D0CAFAE0BB}.Release|iPhoneSimulator.ActiveCfg = Release|Any CPU
		{930B1888-5B0C-4A00-BF62-71D0CAFAE0BB}.Release|iPhoneSimulator.Build.0 = Release|Any CPU
		{930B1888-5B0C-4A00-BF62-71D0CAFAE0BB}.Release|x64.ActiveCfg = Release|Any CPU
		{930B1888-5B0C-4A00-BF62-71D0CAFAE0BB}.Release|x64.Build.0 = Release|Any CPU
		{930B1888-5B0C-4A00-BF62-71D0CAFAE0BB}.Release|x86.ActiveCfg = Release|Any CPU
		{930B1888-5B0C-4A00-BF62-71D0CAFAE0BB}.Release|x86.Build.0 = Release|Any CPU
		{55064116-B068-4E92-B146-9634A8D1EA4B}.Ad-Hoc|Any CPU.ActiveCfg = Release|Any CPU
		{55064116-B068-4E92-B146-9634A8D1EA4B}.Ad-Hoc|Any CPU.Build.0 = Release|Any CPU
		{55064116-B068-4E92-B146-9634A8D1EA4B}.Ad-Hoc|Any CPU.Deploy.0 = Release|Any CPU
		{55064116-B068-4E92-B146-9634A8D1EA4B}.Ad-Hoc|ARM.ActiveCfg = Release|Any CPU
		{55064116-B068-4E92-B146-9634A8D1EA4B}.Ad-Hoc|ARM.Build.0 = Release|Any CPU
		{55064116-B068-4E92-B146-9634A8D1EA4B}.Ad-Hoc|ARM.Deploy.0 = Release|Any CPU
		{55064116-B068-4E92-B146-9634A8D1EA4B}.Ad-Hoc|iPhone.ActiveCfg = Release|Any CPU
		{55064116-B068-4E92-B146-9634A8D1EA4B}.Ad-Hoc|iPhone.Build.0 = Release|Any CPU
		{55064116-B068-4E92-B146-9634A8D1EA4B}.Ad-Hoc|iPhone.Deploy.0 = Release|Any CPU
		{55064116-B068-4E92-B146-9634A8D1EA4B}.Ad-Hoc|iPhoneSimulator.ActiveCfg = Release|Any CPU
		{55064116-B068-4E92-B146-9634A8D1EA4B}.Ad-Hoc|iPhoneSimulator.Build.0 = Release|Any CPU
		{55064116-B068-4E92-B146-9634A8D1EA4B}.Ad-Hoc|iPhoneSimulator.Deploy.0 = Release|Any CPU
		{55064116-B068-4E92-B146-9634A8D1EA4B}.Ad-Hoc|x64.ActiveCfg = Release|Any CPU
		{55064116-B068-4E92-B146-9634A8D1EA4B}.Ad-Hoc|x64.Build.0 = Release|Any CPU
		{55064116-B068-4E92-B146-9634A8D1EA4B}.Ad-Hoc|x64.Deploy.0 = Release|Any CPU
		{55064116-B068-4E92-B146-9634A8D1EA4B}.Ad-Hoc|x86.ActiveCfg = Release|Any CPU
		{55064116-B068-4E92-B146-9634A8D1EA4B}.Ad-Hoc|x86.Build.0 = Release|Any CPU
		{55064116-B068-4E92-B146-9634A8D1EA4B}.Ad-Hoc|x86.Deploy.0 = Release|Any CPU
		{55064116-B068-4E92-B146-9634A8D1EA4B}.AppStore|Any CPU.ActiveCfg = Release|Any CPU
		{55064116-B068-4E92-B146-9634A8D1EA4B}.AppStore|Any CPU.Build.0 = Release|Any CPU
		{55064116-B068-4E92-B146-9634A8D1EA4B}.AppStore|Any CPU.Deploy.0 = Release|Any CPU
		{55064116-B068-4E92-B146-9634A8D1EA4B}.AppStore|ARM.ActiveCfg = Release|Any CPU
		{55064116-B068-4E92-B146-9634A8D1EA4B}.AppStore|ARM.Build.0 = Release|Any CPU
		{55064116-B068-4E92-B146-9634A8D1EA4B}.AppStore|ARM.Deploy.0 = Release|Any CPU
		{55064116-B068-4E92-B146-9634A8D1EA4B}.AppStore|iPhone.ActiveCfg = Release|Any CPU
		{55064116-B068-4E92-B146-9634A8D1EA4B}.AppStore|iPhone.Build.0 = Release|Any CPU
		{55064116-B068-4E92-B146-9634A8D1EA4B}.AppStore|iPhone.Deploy.0 = Release|Any CPU
		{55064116-B068-4E92-B146-9634A8D1EA4B}.AppStore|iPhoneSimulator.ActiveCfg = Release|Any CPU
		{55064116-B068-4E92-B146-9634A8D1EA4B}.AppStore|iPhoneSimulator.Build.0 = Release|Any CPU
		{55064116-B068-4E92-B146-9634A8D1EA4B}.AppStore|iPhoneSimulator.Deploy.0 = Release|Any CPU
		{55064116-B068-4E92-B146-9634A8D1EA4B}.AppStore|x64.ActiveCfg = Release|Any CPU
		{55064116-B068-4E92-B146-9634A8D1EA4B}.AppStore|x64.Build.0 = Release|Any CPU
		{55064116-B068-4E92-B146-9634A8D1EA4B}.AppStore|x64.Deploy.0 = Release|Any CPU
		{55064116-B068-4E92-B146-9634A8D1EA4B}.AppStore|x86.ActiveCfg = Release|Any CPU
		{55064116-B068-4E92-B146-9634A8D1EA4B}.AppStore|x86.Build.0 = Release|Any CPU
		{55064116-B068-4E92-B146-9634A8D1EA4B}.AppStore|x86.Deploy.0 = Release|Any CPU
		{55064116-B068-4E92-B146-9634A8D1EA4B}.Debug|Any CPU.ActiveCfg = Debug|Any CPU
		{55064116-B068-4E92-B146-9634A8D1EA4B}.Debug|Any CPU.Build.0 = Debug|Any CPU
		{55064116-B068-4E92-B146-9634A8D1EA4B}.Debug|Any CPU.Deploy.0 = Debug|Any CPU
		{55064116-B068-4E92-B146-9634A8D1EA4B}.Debug|ARM.ActiveCfg = Debug|Any CPU
		{55064116-B068-4E92-B146-9634A8D1EA4B}.Debug|ARM.Build.0 = Debug|Any CPU
		{55064116-B068-4E92-B146-9634A8D1EA4B}.Debug|ARM.Deploy.0 = Debug|Any CPU
		{55064116-B068-4E92-B146-9634A8D1EA4B}.Debug|iPhone.ActiveCfg = Debug|Any CPU
		{55064116-B068-4E92-B146-9634A8D1EA4B}.Debug|iPhone.Build.0 = Debug|Any CPU
		{55064116-B068-4E92-B146-9634A8D1EA4B}.Debug|iPhone.Deploy.0 = Debug|Any CPU
		{55064116-B068-4E92-B146-9634A8D1EA4B}.Debug|iPhoneSimulator.ActiveCfg = Debug|Any CPU
		{55064116-B068-4E92-B146-9634A8D1EA4B}.Debug|iPhoneSimulator.Build.0 = Debug|Any CPU
		{55064116-B068-4E92-B146-9634A8D1EA4B}.Debug|iPhoneSimulator.Deploy.0 = Debug|Any CPU
		{55064116-B068-4E92-B146-9634A8D1EA4B}.Debug|x64.ActiveCfg = Debug|Any CPU
		{55064116-B068-4E92-B146-9634A8D1EA4B}.Debug|x64.Build.0 = Debug|Any CPU
		{55064116-B068-4E92-B146-9634A8D1EA4B}.Debug|x64.Deploy.0 = Debug|Any CPU
		{55064116-B068-4E92-B146-9634A8D1EA4B}.Debug|x86.ActiveCfg = Debug|Any CPU
		{55064116-B068-4E92-B146-9634A8D1EA4B}.Debug|x86.Build.0 = Debug|Any CPU
		{55064116-B068-4E92-B146-9634A8D1EA4B}.Debug|x86.Deploy.0 = Debug|Any CPU
		{55064116-B068-4E92-B146-9634A8D1EA4B}.Release|Any CPU.ActiveCfg = Release|Any CPU
		{55064116-B068-4E92-B146-9634A8D1EA4B}.Release|Any CPU.Build.0 = Release|Any CPU
		{55064116-B068-4E92-B146-9634A8D1EA4B}.Release|Any CPU.Deploy.0 = Release|Any CPU
		{55064116-B068-4E92-B146-9634A8D1EA4B}.Release|ARM.ActiveCfg = Release|Any CPU
		{55064116-B068-4E92-B146-9634A8D1EA4B}.Release|ARM.Build.0 = Release|Any CPU
		{55064116-B068-4E92-B146-9634A8D1EA4B}.Release|ARM.Deploy.0 = Release|Any CPU
		{55064116-B068-4E92-B146-9634A8D1EA4B}.Release|iPhone.ActiveCfg = Release|Any CPU
		{55064116-B068-4E92-B146-9634A8D1EA4B}.Release|iPhone.Build.0 = Release|Any CPU
		{55064116-B068-4E92-B146-9634A8D1EA4B}.Release|iPhone.Deploy.0 = Release|Any CPU
		{55064116-B068-4E92-B146-9634A8D1EA4B}.Release|iPhoneSimulator.ActiveCfg = Release|Any CPU
		{55064116-B068-4E92-B146-9634A8D1EA4B}.Release|iPhoneSimulator.Build.0 = Release|Any CPU
		{55064116-B068-4E92-B146-9634A8D1EA4B}.Release|iPhoneSimulator.Deploy.0 = Release|Any CPU
		{55064116-B068-4E92-B146-9634A8D1EA4B}.Release|x64.ActiveCfg = Release|Any CPU
		{55064116-B068-4E92-B146-9634A8D1EA4B}.Release|x64.Build.0 = Release|Any CPU
		{55064116-B068-4E92-B146-9634A8D1EA4B}.Release|x64.Deploy.0 = Release|Any CPU
		{55064116-B068-4E92-B146-9634A8D1EA4B}.Release|x86.ActiveCfg = Release|Any CPU
		{55064116-B068-4E92-B146-9634A8D1EA4B}.Release|x86.Build.0 = Release|Any CPU
		{55064116-B068-4E92-B146-9634A8D1EA4B}.Release|x86.Deploy.0 = Release|Any CPU
		{261C2902-158E-40CC-A410-534441CC3A0D}.Ad-Hoc|Any CPU.ActiveCfg = Ad-Hoc|iPhone
		{261C2902-158E-40CC-A410-534441CC3A0D}.Ad-Hoc|ARM.ActiveCfg = Ad-Hoc|iPhone
		{261C2902-158E-40CC-A410-534441CC3A0D}.Ad-Hoc|iPhone.ActiveCfg = Ad-Hoc|iPhone
		{261C2902-158E-40CC-A410-534441CC3A0D}.Ad-Hoc|iPhone.Build.0 = Ad-Hoc|iPhone
		{261C2902-158E-40CC-A410-534441CC3A0D}.Ad-Hoc|iPhoneSimulator.ActiveCfg = Ad-Hoc|iPhoneSimulator
		{261C2902-158E-40CC-A410-534441CC3A0D}.Ad-Hoc|iPhoneSimulator.Build.0 = Ad-Hoc|iPhoneSimulator
		{261C2902-158E-40CC-A410-534441CC3A0D}.Ad-Hoc|x64.ActiveCfg = Ad-Hoc|iPhone
		{261C2902-158E-40CC-A410-534441CC3A0D}.Ad-Hoc|x86.ActiveCfg = Ad-Hoc|iPhone
		{261C2902-158E-40CC-A410-534441CC3A0D}.AppStore|Any CPU.ActiveCfg = AppStore|iPhone
		{261C2902-158E-40CC-A410-534441CC3A0D}.AppStore|ARM.ActiveCfg = AppStore|iPhone
		{261C2902-158E-40CC-A410-534441CC3A0D}.AppStore|iPhone.ActiveCfg = AppStore|iPhone
		{261C2902-158E-40CC-A410-534441CC3A0D}.AppStore|iPhone.Build.0 = AppStore|iPhone
		{261C2902-158E-40CC-A410-534441CC3A0D}.AppStore|iPhoneSimulator.ActiveCfg = AppStore|iPhoneSimulator
		{261C2902-158E-40CC-A410-534441CC3A0D}.AppStore|iPhoneSimulator.Build.0 = AppStore|iPhoneSimulator
		{261C2902-158E-40CC-A410-534441CC3A0D}.AppStore|x64.ActiveCfg = AppStore|iPhone
		{261C2902-158E-40CC-A410-534441CC3A0D}.AppStore|x86.ActiveCfg = AppStore|iPhone
		{261C2902-158E-40CC-A410-534441CC3A0D}.Debug|Any CPU.ActiveCfg = Debug|iPhone
		{261C2902-158E-40CC-A410-534441CC3A0D}.Debug|ARM.ActiveCfg = Debug|iPhone
		{261C2902-158E-40CC-A410-534441CC3A0D}.Debug|iPhone.ActiveCfg = Debug|iPhone
		{261C2902-158E-40CC-A410-534441CC3A0D}.Debug|iPhone.Build.0 = Debug|iPhone
		{261C2902-158E-40CC-A410-534441CC3A0D}.Debug|iPhoneSimulator.ActiveCfg = Debug|iPhoneSimulator
		{261C2902-158E-40CC-A410-534441CC3A0D}.Debug|iPhoneSimulator.Build.0 = Debug|iPhoneSimulator
		{261C2902-158E-40CC-A410-534441CC3A0D}.Debug|x64.ActiveCfg = Debug|iPhone
		{261C2902-158E-40CC-A410-534441CC3A0D}.Debug|x86.ActiveCfg = Debug|iPhone
		{261C2902-158E-40CC-A410-534441CC3A0D}.Release|Any CPU.ActiveCfg = Release|iPhone
		{261C2902-158E-40CC-A410-534441CC3A0D}.Release|ARM.ActiveCfg = Release|iPhone
		{261C2902-158E-40CC-A410-534441CC3A0D}.Release|iPhone.ActiveCfg = Release|iPhone
		{261C2902-158E-40CC-A410-534441CC3A0D}.Release|iPhone.Build.0 = Release|iPhone
		{261C2902-158E-40CC-A410-534441CC3A0D}.Release|iPhoneSimulator.ActiveCfg = Release|iPhoneSimulator
		{261C2902-158E-40CC-A410-534441CC3A0D}.Release|iPhoneSimulator.Build.0 = Release|iPhoneSimulator
		{261C2902-158E-40CC-A410-534441CC3A0D}.Release|x64.ActiveCfg = Release|iPhone
		{261C2902-158E-40CC-A410-534441CC3A0D}.Release|x86.ActiveCfg = Release|iPhone
		{9B3284F4-394E-4F27-AD09-A287816AFD0C}.Ad-Hoc|Any CPU.ActiveCfg = Release|x86
		{9B3284F4-394E-4F27-AD09-A287816AFD0C}.Ad-Hoc|Any CPU.Build.0 = Release|x86
		{9B3284F4-394E-4F27-AD09-A287816AFD0C}.Ad-Hoc|Any CPU.Deploy.0 = Release|x86
		{9B3284F4-394E-4F27-AD09-A287816AFD0C}.Ad-Hoc|ARM.ActiveCfg = Release|ARM
		{9B3284F4-394E-4F27-AD09-A287816AFD0C}.Ad-Hoc|ARM.Build.0 = Release|ARM
		{9B3284F4-394E-4F27-AD09-A287816AFD0C}.Ad-Hoc|ARM.Deploy.0 = Release|ARM
		{9B3284F4-394E-4F27-AD09-A287816AFD0C}.Ad-Hoc|iPhone.ActiveCfg = Release|x86
		{9B3284F4-394E-4F27-AD09-A287816AFD0C}.Ad-Hoc|iPhone.Build.0 = Release|x86
		{9B3284F4-394E-4F27-AD09-A287816AFD0C}.Ad-Hoc|iPhone.Deploy.0 = Release|x86
		{9B3284F4-394E-4F27-AD09-A287816AFD0C}.Ad-Hoc|iPhoneSimulator.ActiveCfg = Release|x86
		{9B3284F4-394E-4F27-AD09-A287816AFD0C}.Ad-Hoc|iPhoneSimulator.Build.0 = Release|x86
		{9B3284F4-394E-4F27-AD09-A287816AFD0C}.Ad-Hoc|iPhoneSimulator.Deploy.0 = Release|x86
		{9B3284F4-394E-4F27-AD09-A287816AFD0C}.Ad-Hoc|x64.ActiveCfg = Release|x64
		{9B3284F4-394E-4F27-AD09-A287816AFD0C}.Ad-Hoc|x64.Build.0 = Release|x64
		{9B3284F4-394E-4F27-AD09-A287816AFD0C}.Ad-Hoc|x64.Deploy.0 = Release|x64
		{9B3284F4-394E-4F27-AD09-A287816AFD0C}.Ad-Hoc|x86.ActiveCfg = Release|x86
		{9B3284F4-394E-4F27-AD09-A287816AFD0C}.Ad-Hoc|x86.Build.0 = Release|x86
		{9B3284F4-394E-4F27-AD09-A287816AFD0C}.Ad-Hoc|x86.Deploy.0 = Release|x86
		{9B3284F4-394E-4F27-AD09-A287816AFD0C}.AppStore|Any CPU.ActiveCfg = Release|x86
		{9B3284F4-394E-4F27-AD09-A287816AFD0C}.AppStore|Any CPU.Build.0 = Release|x86
		{9B3284F4-394E-4F27-AD09-A287816AFD0C}.AppStore|Any CPU.Deploy.0 = Release|x86
		{9B3284F4-394E-4F27-AD09-A287816AFD0C}.AppStore|ARM.ActiveCfg = Release|ARM
		{9B3284F4-394E-4F27-AD09-A287816AFD0C}.AppStore|ARM.Build.0 = Release|ARM
		{9B3284F4-394E-4F27-AD09-A287816AFD0C}.AppStore|ARM.Deploy.0 = Release|ARM
		{9B3284F4-394E-4F27-AD09-A287816AFD0C}.AppStore|iPhone.ActiveCfg = Release|x86
		{9B3284F4-394E-4F27-AD09-A287816AFD0C}.AppStore|iPhone.Build.0 = Release|x86
		{9B3284F4-394E-4F27-AD09-A287816AFD0C}.AppStore|iPhone.Deploy.0 = Release|x86
		{9B3284F4-394E-4F27-AD09-A287816AFD0C}.AppStore|iPhoneSimulator.ActiveCfg = Release|x86
		{9B3284F4-394E-4F27-AD09-A287816AFD0C}.AppStore|iPhoneSimulator.Build.0 = Release|x86
		{9B3284F4-394E-4F27-AD09-A287816AFD0C}.AppStore|iPhoneSimulator.Deploy.0 = Release|x86
		{9B3284F4-394E-4F27-AD09-A287816AFD0C}.AppStore|x64.ActiveCfg = Release|x64
		{9B3284F4-394E-4F27-AD09-A287816AFD0C}.AppStore|x64.Build.0 = Release|x64
		{9B3284F4-394E-4F27-AD09-A287816AFD0C}.AppStore|x64.Deploy.0 = Release|x64
		{9B3284F4-394E-4F27-AD09-A287816AFD0C}.AppStore|x86.ActiveCfg = Release|x86
		{9B3284F4-394E-4F27-AD09-A287816AFD0C}.AppStore|x86.Build.0 = Release|x86
		{9B3284F4-394E-4F27-AD09-A287816AFD0C}.AppStore|x86.Deploy.0 = Release|x86
		{9B3284F4-394E-4F27-AD09-A287816AFD0C}.Debug|Any CPU.ActiveCfg = Debug|x86
		{9B3284F4-394E-4F27-AD09-A287816AFD0C}.Debug|ARM.ActiveCfg = Debug|ARM
		{9B3284F4-394E-4F27-AD09-A287816AFD0C}.Debug|ARM.Build.0 = Debug|ARM
		{9B3284F4-394E-4F27-AD09-A287816AFD0C}.Debug|ARM.Deploy.0 = Debug|ARM
		{9B3284F4-394E-4F27-AD09-A287816AFD0C}.Debug|iPhone.ActiveCfg = Debug|x86
		{9B3284F4-394E-4F27-AD09-A287816AFD0C}.Debug|iPhoneSimulator.ActiveCfg = Debug|x86
		{9B3284F4-394E-4F27-AD09-A287816AFD0C}.Debug|x64.ActiveCfg = Debug|x64
		{9B3284F4-394E-4F27-AD09-A287816AFD0C}.Debug|x64.Build.0 = Debug|x64
		{9B3284F4-394E-4F27-AD09-A287816AFD0C}.Debug|x64.Deploy.0 = Debug|x64
		{9B3284F4-394E-4F27-AD09-A287816AFD0C}.Debug|x86.ActiveCfg = Debug|x86
		{9B3284F4-394E-4F27-AD09-A287816AFD0C}.Debug|x86.Build.0 = Debug|x86
		{9B3284F4-394E-4F27-AD09-A287816AFD0C}.Debug|x86.Deploy.0 = Debug|x86
		{9B3284F4-394E-4F27-AD09-A287816AFD0C}.Release|Any CPU.ActiveCfg = Release|x86
		{9B3284F4-394E-4F27-AD09-A287816AFD0C}.Release|ARM.ActiveCfg = Release|ARM
		{9B3284F4-394E-4F27-AD09-A287816AFD0C}.Release|ARM.Build.0 = Release|ARM
		{9B3284F4-394E-4F27-AD09-A287816AFD0C}.Release|ARM.Deploy.0 = Release|ARM
		{9B3284F4-394E-4F27-AD09-A287816AFD0C}.Release|iPhone.ActiveCfg = Release|x86
		{9B3284F4-394E-4F27-AD09-A287816AFD0C}.Release|iPhoneSimulator.ActiveCfg = Release|x86
		{9B3284F4-394E-4F27-AD09-A287816AFD0C}.Release|x64.ActiveCfg = Release|x64
		{9B3284F4-394E-4F27-AD09-A287816AFD0C}.Release|x64.Build.0 = Release|x64
		{9B3284F4-394E-4F27-AD09-A287816AFD0C}.Release|x64.Deploy.0 = Release|x64
		{9B3284F4-394E-4F27-AD09-A287816AFD0C}.Release|x86.ActiveCfg = Release|x86
		{9B3284F4-394E-4F27-AD09-A287816AFD0C}.Release|x86.Build.0 = Release|x86
		{9B3284F4-394E-4F27-AD09-A287816AFD0C}.Release|x86.Deploy.0 = Release|x86
	EndGlobalSection
	GlobalSection(SolutionProperties) = preSolution
		HideSolutionNode = FALSE
	EndGlobalSection
	GlobalSection(ExtensibilityGlobals) = postSolution
		SolutionGuid = {1677519F-2967-4EB0-9EBF-C8620546A08F}
	EndGlobalSection
EndGlobal
